
Microsoft Visual Studio Solution File, Format Version 10.00
# Visual Studio 2008
Project("{FAE04EC0-301F-11D3-BF4B-00C04F79EFBC}") = "Habanero.Faces.Base.CF.Tests", "Habanero.Faces.Base.CF.Tests\Habanero.Faces.Base.CF.Tests.csproj", "{56AE140B-ED1B-43FF-8360-F0A7063A04F6}"
EndProject
Project("{FAE04EC0-301F-11D3-BF4B-00C04F79EFBC}") = "Habanero.Faces.Base.CF", "Habanero.Faces.Base.CF\Habanero.Faces.Base.CF.csproj", "{6EECF70C-D930-4CC2-81FE-6E05E956F336}"
EndProject
Global
	GlobalSection(SolutionConfigurationPlatforms) = preSolution
		Debug|Any CPU = Debug|Any CPU
		Release|Any CPU = Release|Any CPU
	EndGlobalSection
	GlobalSection(ProjectConfigurationPlatforms) = postSolution
		{56AE140B-ED1B-43FF-8360-F0A7063A04F6}.Debug|Any CPU.ActiveCfg = Debug|Any CPU
		{56AE140B-ED1B-43FF-8360-F0A7063A04F6}.Debug|Any CPU.Build.0 = Debug|Any CPU
		{56AE140B-ED1B-43FF-8360-F0A7063A04F6}.Release|Any CPU.ActiveCfg = Release|Any CPU
		{56AE140B-ED1B-43FF-8360-F0A7063A04F6}.Release|Any CPU.Build.0 = Release|Any CPU
		{6EECF70C-D930-4CC2-81FE-6E05E956F336}.Debug|Any CPU.ActiveCfg = Debug|Any CPU
		{6EECF70C-D930-4CC2-81FE-6E05E956F336}.Debug|Any CPU.Build.0 = Debug|Any CPU
		{6EECF70C-D930-4CC2-81FE-6E05E956F336}.Release|Any CPU.ActiveCfg = Release|Any CPU
		{6EECF70C-D930-4CC2-81FE-6E05E956F336}.Release|Any CPU.Build.0 = Release|Any CPU
	EndGlobalSection
	GlobalSection(SolutionProperties) = preSolution
		HideSolutionNode = FALSE
	EndGlobalSection
EndGlobal
